<?xml version="1.0" encoding="utf-8"?>
<Project ToolsVersion="4.0" xmlns="http://schemas.microsoft.com/developer/msbuild/2003">
  <ItemGroup>
    <Filter Include="Archivos de origen">
      <UniqueIdentifier>{4FC737F1-C7A5-4376-A066-2A32D752A2FF}</UniqueIdentifier>
      <Extensions>cpp;c;cc;cxx;c++;cppm;ixx;def;odl;idl;hpj;bat;asm;asmx</Extensions>
    </Filter>
    <Filter Include="Archivos de encabezado">
      <UniqueIdentifier>{93995380-89BD-4b04-88EB-625FBE52EBFB}</UniqueIdentifier>
      <Extensions>h;hh;hpp;hxx;h++;hm;inl;inc;ipp;xsd</Extensions>
    </Filter>
    <Filter Include="Archivos de recursos">
      <UniqueIdentifier>{67DA6AB6-F800-4c08-8B7A-83BB121AAD01}</UniqueIdentifier>
      <Extensions>rc;ico;cur;bmp;dlg;rc2;rct;bin;rgs;gif;jpg;jpeg;jpe;resx;tiff;tif;png;wav;mfcribbon-ms</Extensions>
    </Filter>
    <Filter Include="Archivos de encabezado\Clases">
      <UniqueIdentifier>{112eb468-7ecf-40fc-9662-d6eefcdde980}</UniqueIdentifier>
    </Filter>
    <Filter Include="Archivos de origen\Colecciones">
      <UniqueIdentifier>{0bd66c76-7ee7-4837-9542-2eebf53b1dc3}</UniqueIdentifier>
    </Filter>
    <Filter Include="Archivos de encabezado\Colecciones">
      <UniqueIdentifier>{a2a25d85-ce82-4c48-996a-c2feb902e5eb}</UniqueIdentifier>
    </Filter>
    <Filter Include="Archivos de encabezado\DataType">
      <UniqueIdentifier>{4cc1f109-8f8a-496e-a930-7cb67cd132fd}</UniqueIdentifier>
    </Filter>
  </ItemGroup>
  <ItemGroup>
    <ClCompile Include="LaboratorioProgramacion.cpp">
      <Filter>Archivos de origen</Filter>
    </ClCompile>
    <ClCompile Include="..\..\Implementacion\ColeccionesG\ColeccionesG\ICollectible.cpp">
      <Filter>Archivos de origen\Colecciones</Filter>
    </ClCompile>
    <ClCompile Include="..\..\Implementacion\ColeccionesG\ColeccionesG\IDictionary.cpp">
      <Filter>Archivos de origen\Colecciones</Filter>
    </ClCompile>
    <ClCompile Include="..\..\Implementacion\ColeccionesG\ColeccionesG\IKey.cpp">
      <Filter>Archivos de origen\Colecciones</Filter>
    </ClCompile>
    <ClCompile Include="..\..\Implementacion\ColeccionesG\ColeccionesG\KeyInt.cpp">
      <Filter>Archivos de origen\Colecciones</Filter>
    </ClCompile>
    <ClCompile Include="..\..\Implementacion\ColeccionesG\ColeccionesG\KeyString.cpp">
      <Filter>Archivos de origen\Colecciones</Filter>
    </ClCompile>
    <ClCompile Include="..\..\Implementacion\ColeccionesG\ColeccionesG\Lista.cpp">
      <Filter>Archivos de origen\Colecciones</Filter>
    </ClCompile>
    <ClCompile Include="..\..\Implementacion\ColeccionesG\ColeccionesG\ListaDicc.cpp">
      <Filter>Archivos de origen\Colecciones</Filter>
    </ClCompile>
    <ClCompile Include="..\..\Implementacion\ColeccionesG\ColeccionesG\ListaIterator.cpp">
      <Filter>Archivos de origen\Colecciones</Filter>
    </ClCompile>
    <ClCompile Include="..\..\Implementacion\ColeccionesG\ColeccionesG\ListDiccIterator.cpp">
      <Filter>Archivos de origen\Colecciones</Filter>
    </ClCompile>
    <ClCompile Include="..\..\Implementacion\ColeccionesG\ColeccionesG\ListDiccIteratorKey.cpp">
      <Filter>Archivos de origen\Colecciones</Filter>
    </ClCompile>
    <ClCompile Include="..\..\Implementacion\ColeccionesG\ColeccionesG\ListDiccIteratorObj.cpp">
      <Filter>Archivos de origen\Colecciones</Filter>
    </ClCompile>
    <ClCompile Include="..\..\Implementacion\ColeccionesG\ColeccionesG\Nodo.cpp">
      <Filter>Archivos de origen\Colecciones</Filter>
    </ClCompile>
    <ClCompile Include="..\..\Implementacion\ColeccionesG\ColeccionesG\NodoDicc.cpp">
      <Filter>Archivos de origen\Colecciones</Filter>
    </ClCompile>
    <ClCompile Include="..\..\Implementacion\ColeccionesG\ColeccionesG\Par.cpp">
      <Filter>Archivos de origen\Colecciones</Filter>
    </ClCompile>
  </ItemGroup>
  <ItemGroup>
    <ClInclude Include="Usuario.h">
      <Filter>Archivos de encabezado\Clases</Filter>
    </ClInclude>
    <ClInclude Include="..\..\Implementacion\ColeccionesG\ColeccionesG\ICollectible.h">
      <Filter>Archivos de encabezado\Colecciones</Filter>
    </ClInclude>
    <ClInclude Include="..\..\Implementacion\ColeccionesG\ColeccionesG\ICollection.h">
      <Filter>Archivos de encabezado\Colecciones</Filter>
    </ClInclude>
    <ClInclude Include="..\..\Implementacion\ColeccionesG\ColeccionesG\IDictionary.h">
      <Filter>Archivos de encabezado\Colecciones</Filter>
    </ClInclude>
    <ClInclude Include="..\..\Implementacion\ColeccionesG\ColeccionesG\IIterator.h">
      <Filter>Archivos de encabezado\Colecciones</Filter>
    </ClInclude>
    <ClInclude Include="..\..\Implementacion\ColeccionesG\ColeccionesG\IKey.h">
      <Filter>Archivos de encabezado\Colecciones</Filter>
    </ClInclude>
    <ClInclude Include="..\..\Implementacion\ColeccionesG\ColeccionesG\KeyInt.h">
      <Filter>Archivos de encabezado\Colecciones</Filter>
    </ClInclude>
    <ClInclude Include="..\..\Implementacion\ColeccionesG\ColeccionesG\KeyString.h">
      <Filter>Archivos de encabezado\Colecciones</Filter>
    </ClInclude>
    <ClInclude Include="..\..\Implementacion\ColeccionesG\ColeccionesG\Lista.h">
      <Filter>Archivos de encabezado\Colecciones</Filter>
    </ClInclude>
    <ClInclude Include="..\..\Implementacion\ColeccionesG\ColeccionesG\ListaDicc.h">
      <Filter>Archivos de encabezado\Colecciones</Filter>
    </ClInclude>
    <ClInclude Include="..\..\Implementacion\ColeccionesG\ColeccionesG\ListaIterator.h">
      <Filter>Archivos de encabezado\Colecciones</Filter>
    </ClInclude>
    <ClInclude Include="..\..\Implementacion\ColeccionesG\ColeccionesG\ListDiccIterator.h">
      <Filter>Archivos de encabezado\Colecciones</Filter>
    </ClInclude>
    <ClInclude Include="..\..\Implementacion\ColeccionesG\ColeccionesG\ListDiccIteratorKey.h">
      <Filter>Archivos de encabezado\Colecciones</Filter>
    </ClInclude>
    <ClInclude Include="..\..\Implementacion\ColeccionesG\ColeccionesG\ListDiccIteratorObj.h">
      <Filter>Archivos de encabezado\Colecciones</Filter>
    </ClInclude>
    <ClInclude Include="..\..\Implementacion\ColeccionesG\ColeccionesG\Nodo.h">
      <Filter>Archivos de encabezado\Colecciones</Filter>
    </ClInclude>
    <ClInclude Include="..\..\Implementacion\ColeccionesG\ColeccionesG\NodoDicc.h">
      <Filter>Archivos de encabezado\Colecciones</Filter>
    </ClInclude>
    <ClInclude Include="..\..\Implementacion\ColeccionesG\ColeccionesG\Par.h">
      <Filter>Archivos de encabezado\Colecciones</Filter>
    </ClInclude>
    <ClInclude Include="Clase.h">
      <Filter>Archivos de encabezado\Clases</Filter>
    </ClInclude>
    <ClInclude Include="TipoClase.h">
      <Filter>Archivos de encabezado\DataType</Filter>
    </ClInclude>
  </ItemGroup>
</Project>