<?xml version="1.0" encoding="utf-8"?>
<Project ToolsVersion="4.0" xmlns="http://schemas.microsoft.com/developer/msbuild/2003">
  <ItemGroup>
    <Filter Include="Archivos de origen">
      <UniqueIdentifier>{4FC737F1-C7A5-4376-A066-2A32D752A2FF}</UniqueIdentifier>
      <Extensions>cpp;c;cc;cxx;c++;cppm;ixx;def;odl;idl;hpj;bat;asm;asmx</Extensions>
    </Filter>
    <Filter Include="Archivos de encabezado">
      <UniqueIdentifier>{93995380-89BD-4b04-88EB-625FBE52EBFB}</UniqueIdentifier>
      <Extensions>h;hh;hpp;hxx;h++;hm;inl;inc;ipp;xsd</Extensions>
    </Filter>
    <Filter Include="Archivos de recursos">
      <UniqueIdentifier>{67DA6AB6-F800-4c08-8B7A-83BB121AAD01}</UniqueIdentifier>
      <Extensions>rc;ico;cur;bmp;dlg;rc2;rct;bin;rgs;gif;jpg;jpeg;jpe;resx;tiff;tif;png;wav;mfcribbon-ms</Extensions>
    </Filter>
    <Filter Include="Archivos de encabezado\Clases">
      <UniqueIdentifier>{112eb468-7ecf-40fc-9662-d6eefcdde980}</UniqueIdentifier>
    </Filter>
    <Filter Include="Archivos de encabezado\DataType">
      <UniqueIdentifier>{9e627cb5-5f6c-41fc-82e2-82062e1c40f4}</UniqueIdentifier>
    </Filter>
    <Filter Include="Archivos de encabezado\DataType">
      <UniqueIdentifier>{4cc1f109-8f8a-496e-a930-7cb67cd132fd}</UniqueIdentifier>
    </Filter>
    <Filter Include="Archivos de encabezado\Fabrica">
      <UniqueIdentifier>{ce54331b-fe4b-4d13-857f-a0430409c96d}</UniqueIdentifier>
    </Filter>
    <Filter Include="Archivos de origen\Fabrica">
      <UniqueIdentifier>{f63a917a-7fa7-49bf-85b5-2fbccfb17bd8}</UniqueIdentifier>
    </Filter>
    <Filter Include="Archivos de encabezado\Interface">
      <UniqueIdentifier>{3fb342ee-0fde-483c-bf48-c93f4ddab658}</UniqueIdentifier>
    </Filter>
    <Filter Include="Archivos de encabezado\Controladores">
      <UniqueIdentifier>{4b976bfa-ae34-4141-837d-d088f6663754}</UniqueIdentifier>
    </Filter>
    <Filter Include="Archivos de origen\Clases">
      <UniqueIdentifier>{9be6e045-bdd3-4040-86f4-73145caa2c99}</UniqueIdentifier>
    </Filter>
    <Filter Include="Archivos de origen\DataType">
      <UniqueIdentifier>{ff6c746d-fe69-41af-b230-94bcf197fd90}</UniqueIdentifier>
    </Filter>
    <Filter Include="Archivos de origen\Controladores">
      <UniqueIdentifier>{daff84c4-bcd6-44b7-9a88-7e1ab01f4987}</UniqueIdentifier>
    </Filter>
  </ItemGroup>
  <ItemGroup>
    <ClCompile Include="LaboratorioProgramacion.cpp">
      <Filter>Archivos de origen</Filter>
    </ClCompile>
    <ClCompile Include="Asignatura.cpp">
      <Filter>Archivos de origen</Filter>
    </ClCompile>
    <ClCompile Include="EstudianteAsiste.cpp">
      <Filter>Archivos de origen</Filter>
    </ClCompile>
    <ClCompile Include="DocenteAsignado.cpp">
      <Filter>Archivos de origen</Filter>
    </ClCompile>
    <ClCompile Include="ControladorAsignatura.cpp">
      <Filter>Archivos de origen</Filter>
    </ClCompile>
    <ClCompile Include="Fabrica.cpp">
      <Filter>Archivos de origen\Fabrica</Filter>
    </ClCompile>
    <ClCompile Include="Clase.cpp">
      <Filter>Archivos de origen\Clases</Filter>
    </ClCompile>
    <ClCompile Include="Usuario.cpp">
      <Filter>Archivos de origen\Clases</Filter>
    </ClCompile>
    <ClCompile Include="DTClase.cpp">
      <Filter>Archivos de origen\DataType</Filter>
    </ClCompile>
    <ClCompile Include="DTUsuario.cpp">
      <Filter>Archivos de origen\DataType</Filter>
    </ClCompile>
    <ClCompile Include="ControladorUsuario.cpp">
      <Filter>Archivos de origen\Controladores</Filter>
    </ClCompile>
  </ItemGroup>
  <ItemGroup>
    <ClInclude Include="Usuario.h">
      <Filter>Archivos de encabezado\Clases</Filter>
    </ClInclude>
    <ClInclude Include="DTFecha.h">
      <Filter>Archivos de encabezado\DataType</Filter>
    </ClInclude>
    <ClInclude Include="TimeStamp.h">
      <Filter>Archivos de encabezado\DataType</Filter>
    </ClInclude>
    <ClInclude Include="TipoClase.h">
      <Filter>Archivos de encabezado\DataType</Filter>
    </ClInclude>
    <ClInclude Include="Asignatura.h">
      <Filter>Archivos de encabezado\Clases</Filter>
    </ClInclude>
    <ClInclude Include="DTAsignatura.h">
      <Filter>Archivos de encabezado\DataType</Filter>
    </ClInclude>
    <ClInclude Include="DocenteAsignado.h">
      <Filter>Archivos de encabezado\Clases</Filter>
    </ClInclude>
    <ClInclude Include="DTDocenteAsignado.h">
      <Filter>Archivos de encabezado\DataType</Filter>
    </ClInclude>
    <ClInclude Include="DTEstudianteAsiste.h">
      <Filter>Archivos de encabezado\DataType</Filter>
    </ClInclude>
    <ClInclude Include="EstudianteAsiste.h">
      <Filter>Archivos de encabezado\Clases</Filter>
    </ClInclude>
    <ClInclude Include="ControladorAsignatura.h">
      <Filter>Archivos de encabezado</Filter>
    </ClInclude>
    <ClInclude Include="IControladorAsignatura.h">
      <Filter>Archivos de encabezado</Filter>
    </ClInclude>
    <ClInclude Include="Clase.h">
      <Filter>Archivos de encabezado\Clases</Filter>
    </ClInclude>
    <ClInclude Include="TipoClase.h">
      <Filter>Archivos de encabezado\DataType</Filter>
    </ClInclude>
    <ClInclude Include="Fabrica.h">
      <Filter>Archivos de encabezado\Fabrica</Filter>
    </ClInclude>
    <ClInclude Include="DTClase.h">
      <Filter>Archivos de encabezado\DataType</Filter>
    </ClInclude>
    <ClInclude Include="DTUsuario.h">
      <Filter>Archivos de encabezado\DataType</Filter>
    </ClInclude>
    <ClInclude Include="IControladorUsuario.h">
      <Filter>Archivos de encabezado\Interface</Filter>
    </ClInclude>
    <ClInclude Include="IControladorAsigantura.h">
      <Filter>Archivos de encabezado\Interface</Filter>
    </ClInclude>
    <ClInclude Include="ControladorUsuario.h">
      <Filter>Archivos de encabezado\Controladores</Filter>
    </ClInclude>
  </ItemGroup>
</Project>